
Microsoft Visual Studio Solution File, Format Version 12.00
# Visual Studio 14
VisualStudioVersion = 14.0.25123.0
MinimumVisualStudioVersion = 10.0.40219.1
Project("{FAE04EC0-301F-11D3-BF4B-00C04F79EFBC}") = "PyKiller", "PyKiller\PyKiller.csproj", "{5B015FB9-3338-4357-B403-122D1A54A6CF}"
EndProject
Global
	GlobalSection(SolutionConfigurationPlatforms) = preSolution
		Debug|Any CPU = Debug|Any CPU
		Release|Any CPU = Release|Any CPU
	EndGlobalSection
	GlobalSection(ProjectConfigurationPlatforms) = postSolution
		{5B015FB9-3338-4357-B403-122D1A54A6CF}.Debug|Any CPU.ActiveCfg = Debug|Any CPU
		{5B015FB9-3338-4357-B403-122D1A54A6CF}.Debug|Any CPU.Build.0 = Debug|Any CPU
		{5B015FB9-3338-4357-B403-122D1A54A6CF}.Release|Any CPU.ActiveCfg = Release|Any CPU
		{5B015FB9-3338-4357-B403-122D1A54A6CF}.Release|Any CPU.Build.0 = Release|Any CPU
	EndGlobalSection
	GlobalSection(SolutionProperties) = preSolution
		HideSolutionNode = FALSE
	EndGlobalSection
EndGlobal
